// !$*UTF8*$!
{
	archiveVersion = 1;
	classes = {
	};
	objectVersion = 46;
	objects = {

/* Begin PBXBuildFile section */
		0421F2BE1A3052DD00FCAB04 /* AudioToolbox.framework in Frameworks */ = {isa = PBXBuildFile; fileRef = 0421F2BD1A3052DD00FCAB04 /* AudioToolbox.framework */; };
		0421F2C71A30544500FCAB04 /* MessagesViewController.m in Sources */ = {isa = PBXBuildFile; fileRef = 0421F2C61A30544500FCAB04 /* MessagesViewController.m */; };
		0421F2CF1A314D4300FCAB04 /* ProfileViewController.m in Sources */ = {isa = PBXBuildFile; fileRef = 0421F2CE1A314D4300FCAB04 /* ProfileViewController.m */; };
		042440DF1A2BE089004B0786 /* main.m in Sources */ = {isa = PBXBuildFile; fileRef = 042440DE1A2BE089004B0786 /* main.m */; };
		042440E21A2BE089004B0786 /* AppDelegate.m in Sources */ = {isa = PBXBuildFile; fileRef = 042440E11A2BE089004B0786 /* AppDelegate.m */; };
		042440EA1A2BE089004B0786 /* Images.xcassets in Resources */ = {isa = PBXBuildFile; fileRef = 042440E91A2BE089004B0786 /* Images.xcassets */; };
		042440ED1A2BE089004B0786 /* LaunchScreen.xib in Resources */ = {isa = PBXBuildFile; fileRef = 042440EB1A2BE089004B0786 /* LaunchScreen.xib */; };
		042440F91A2BE089004B0786 /* MessageViewControllerDemoTests.m in Sources */ = {isa = PBXBuildFile; fileRef = 042440F81A2BE089004B0786 /* MessageViewControllerDemoTests.m */; };
		042441051A2BE777004B0786 /* MapKit.framework in Frameworks */ = {isa = PBXBuildFile; fileRef = 042441041A2BE777004B0786 /* MapKit.framework */; };
		0424410B1A2C0DBB004B0786 /* MasterViewController.m in Sources */ = {isa = PBXBuildFile; fileRef = 042441091A2C0DBB004B0786 /* MasterViewController.m */; };
		0424410C1A2C0DBB004B0786 /* MasterViewController.xib in Resources */ = {isa = PBXBuildFile; fileRef = 0424410A1A2C0DBB004B0786 /* MasterViewController.xib */; };
		042441101A2C0E00004B0786 /* LoginViewController.m in Sources */ = {isa = PBXBuildFile; fileRef = 0424410E1A2C0E00004B0786 /* LoginViewController.m */; };
		042441111A2C0E00004B0786 /* LoginViewController.xib in Resources */ = {isa = PBXBuildFile; fileRef = 0424410F1A2C0E00004B0786 /* LoginViewController.xib */; };
		044927551A6F1CD90051C3AA /* GeoChatAPIManager.m in Sources */ = {isa = PBXBuildFile; fileRef = 044927541A6F1CD90051C3AA /* GeoChatAPIManager.m */; };
		044A7FCA1A359A2100EADA8A /* ChangeNicknameViewController.m in Sources */ = {isa = PBXBuildFile; fileRef = 044A7FC91A359A2100EADA8A /* ChangeNicknameViewController.m */; };
		046605AC1A7753A400A1D298 /* GeoChatAppIcon@2x.png in Resources */ = {isa = PBXBuildFile; fileRef = 046605AA1A7753A400A1D298 /* GeoChatAppIcon@2x.png */; };
		046605AD1A7753A400A1D298 /* GeoChatAppIcon@3x.png in Resources */ = {isa = PBXBuildFile; fileRef = 046605AB1A7753A400A1D298 /* GeoChatAppIcon@3x.png */; };
		046605B11A77633300A1D298 /* menu-icon.png in Resources */ = {isa = PBXBuildFile; fileRef = 046605AE1A77633300A1D298 /* menu-icon.png */; };
		046605B21A77633300A1D298 /* menu-icon@2x.png in Resources */ = {isa = PBXBuildFile; fileRef = 046605AF1A77633300A1D298 /* menu-icon@2x.png */; };
		046605B31A77633300A1D298 /* menu-icon@3x.png in Resources */ = {isa = PBXBuildFile; fileRef = 046605B01A77633300A1D298 /* menu-icon@3x.png */; };
		046605B71A77649E00A1D298 /* map-icon.png in Resources */ = {isa = PBXBuildFile; fileRef = 046605B41A77649E00A1D298 /* map-icon.png */; };
		046605B81A77649E00A1D298 /* map-icon@2x.png in Resources */ = {isa = PBXBuildFile; fileRef = 046605B51A77649E00A1D298 /* map-icon@2x.png */; };
		046605B91A77649E00A1D298 /* map-icon@3x.png in Resources */ = {isa = PBXBuildFile; fileRef = 046605B61A77649E00A1D298 /* map-icon@3x.png */; };
		048074BB1A351983006DAD33 /* Security.framework in Frameworks */ = {isa = PBXBuildFile; fileRef = 048074BA1A351983006DAD33 /* Security.framework */; };
		048074FD1A353DC1006DAD33 /* UserViewController.m in Sources */ = {isa = PBXBuildFile; fileRef = 048074FC1A353DC1006DAD33 /* UserViewController.m */; };
		048CF73F1A2D60AB004E20BE /* AddRoomViewController.m in Sources */ = {isa = PBXBuildFile; fileRef = 048CF73D1A2D60AB004E20BE /* AddRoomViewController.m */; };
		048CF7401A2D60AB004E20BE /* AddRoomViewController.xib in Resources */ = {isa = PBXBuildFile; fileRef = 048CF73E1A2D60AB004E20BE /* AddRoomViewController.xib */; };
		048CF74B1A2D9565004E20BE /* GeoChatUser.m in Sources */ = {isa = PBXBuildFile; fileRef = 048CF7491A2D9565004E20BE /* GeoChatUser.m */; };
		049B87741A7A113A00B05EC7 /* RoomMapAnnotation.m in Sources */ = {isa = PBXBuildFile; fileRef = 049B87731A7A113A00B05EC7 /* RoomMapAnnotation.m */; };
		049B87771A7A115F00B05EC7 /* RoomMapViewController.m in Sources */ = {isa = PBXBuildFile; fileRef = 049B87761A7A115F00B05EC7 /* RoomMapViewController.m */; };
		381F53ADBFB305A8851901A3 /* libPods-MessageViewControllerDemo.a in Frameworks */ = {isa = PBXBuildFile; fileRef = E1608F6913E34230E3B0B89D /* libPods-MessageViewControllerDemo.a */; };
		965108491A3945DA00AACBFE /* FacebookSDK.framework in Frameworks */ = {isa = PBXBuildFile; fileRef = 965108481A3945DA00AACBFE /* FacebookSDK.framework */; };
		968310B31A4B6BEF006C5428 /* actions-ellipse@2x.png in Resources */ = {isa = PBXBuildFile; fileRef = 968310B01A4B6BEF006C5428 /* actions-ellipse@2x.png */; };
		968310B41A4B6BEF006C5428 /* actions-ellipse@3x.png in Resources */ = {isa = PBXBuildFile; fileRef = 968310B11A4B6BEF006C5428 /* actions-ellipse@3x.png */; };
		968310B51A4B6BEF006C5428 /* actions-ellipse.png in Resources */ = {isa = PBXBuildFile; fileRef = 968310B21A4B6BEF006C5428 /* actions-ellipse.png */; };
		96AD7C131A4F75460019AF96 /* UserListViewController.m in Sources */ = {isa = PBXBuildFile; fileRef = 96AD7C111A4F75460019AF96 /* UserListViewController.m */; };
		96AD7C141A4F75460019AF96 /* UserListViewController.xib in Resources */ = {isa = PBXBuildFile; fileRef = 96AD7C121A4F75460019AF96 /* UserListViewController.xib */; };
		96F597F81A4FC74B00414D05 /* RoomMapViewController.xib in Resources */ = {isa = PBXBuildFile; fileRef = 96F597F61A4FC74B00414D05 /* RoomMapViewController.xib */; };
		96F597FE1A4FC9BB00414D05 /* System-settings-icon.png in Resources */ = {isa = PBXBuildFile; fileRef = 96F597FB1A4FC9BB00414D05 /* System-settings-icon.png */; };
		96F597FF1A4FC9BB00414D05 /* System-settings-icon@2x.png in Resources */ = {isa = PBXBuildFile; fileRef = 96F597FC1A4FC9BB00414D05 /* System-settings-icon@2x.png */; };
		96F598001A4FC9BB00414D05 /* System-settings-icon@3x.png in Resources */ = {isa = PBXBuildFile; fileRef = 96F597FD1A4FC9BB00414D05 /* System-settings-icon@3x.png */; };
/* End PBXBuildFile section */

/* Begin PBXContainerItemProxy section */
		042440F31A2BE089004B0786 /* PBXContainerItemProxy */ = {
			isa = PBXContainerItemProxy;
			containerPortal = 042440D11A2BE089004B0786 /* Project object */;
			proxyType = 1;
			remoteGlobalIDString = 042440D81A2BE089004B0786;
			remoteInfo = MessageViewControllerDemo;
		};
/* End PBXContainerItemProxy section */

/* Begin PBXFileReference section */
		02C60ECD176F458E1036F28F /* Pods-MessageViewControllerDemo.debug.xcconfig */ = {isa = PBXFileReference; includeInIndex = 1; lastKnownFileType = text.xcconfig; name = "Pods-MessageViewControllerDemo.debug.xcconfig"; path = "Pods/Target Support Files/Pods-MessageViewControllerDemo/Pods-MessageViewControllerDemo.debug.xcconfig"; sourceTree = "<group>"; };
		0421F2BD1A3052DD00FCAB04 /* AudioToolbox.framework */ = {isa = PBXFileReference; lastKnownFileType = wrapper.framework; name = AudioToolbox.framework; path = System/Library/Frameworks/AudioToolbox.framework; sourceTree = SDKROOT; };
		0421F2C51A30544500FCAB04 /* MessagesViewController.h */ = {isa = PBXFileReference; fileEncoding = 4; lastKnownFileType = sourcecode.c.h; path = MessagesViewController.h; sourceTree = "<group>"; };
		0421F2C61A30544500FCAB04 /* MessagesViewController.m */ = {isa = PBXFileReference; fileEncoding = 4; lastKnownFileType = sourcecode.c.objc; path = MessagesViewController.m; sourceTree = "<group>"; };
		0421F2CD1A314D4300FCAB04 /* ProfileViewController.h */ = {isa = PBXFileReference; fileEncoding = 4; lastKnownFileType = sourcecode.c.h; path = ProfileViewController.h; sourceTree = "<group>"; };
		0421F2CE1A314D4300FCAB04 /* ProfileViewController.m */ = {isa = PBXFileReference; fileEncoding = 4; lastKnownFileType = sourcecode.c.objc; path = ProfileViewController.m; sourceTree = "<group>"; };
		042440D91A2BE089004B0786 /* MessageViewControllerDemo.app */ = {isa = PBXFileReference; explicitFileType = wrapper.application; includeInIndex = 0; path = MessageViewControllerDemo.app; sourceTree = BUILT_PRODUCTS_DIR; };
		042440DD1A2BE089004B0786 /* Info.plist */ = {isa = PBXFileReference; lastKnownFileType = text.plist.xml; path = Info.plist; sourceTree = "<group>"; };
		042440DE1A2BE089004B0786 /* main.m */ = {isa = PBXFileReference; lastKnownFileType = sourcecode.c.objc; path = main.m; sourceTree = "<group>"; };
		042440E01A2BE089004B0786 /* AppDelegate.h */ = {isa = PBXFileReference; lastKnownFileType = sourcecode.c.h; path = AppDelegate.h; sourceTree = "<group>"; };
		042440E11A2BE089004B0786 /* AppDelegate.m */ = {isa = PBXFileReference; lastKnownFileType = sourcecode.c.objc; path = AppDelegate.m; sourceTree = "<group>"; };
		042440E91A2BE089004B0786 /* Images.xcassets */ = {isa = PBXFileReference; lastKnownFileType = folder.assetcatalog; path = Images.xcassets; sourceTree = "<group>"; };
		042440EC1A2BE089004B0786 /* Base */ = {isa = PBXFileReference; lastKnownFileType = file.xib; name = Base; path = Base.lproj/LaunchScreen.xib; sourceTree = "<group>"; };
		042440F21A2BE089004B0786 /* MessageViewControllerDemoTests.xctest */ = {isa = PBXFileReference; explicitFileType = wrapper.cfbundle; includeInIndex = 0; path = MessageViewControllerDemoTests.xctest; sourceTree = BUILT_PRODUCTS_DIR; };
		042440F71A2BE089004B0786 /* Info.plist */ = {isa = PBXFileReference; lastKnownFileType = text.plist.xml; path = Info.plist; sourceTree = "<group>"; };
		042440F81A2BE089004B0786 /* MessageViewControllerDemoTests.m */ = {isa = PBXFileReference; lastKnownFileType = sourcecode.c.objc; path = MessageViewControllerDemoTests.m; sourceTree = "<group>"; };
		042441041A2BE777004B0786 /* MapKit.framework */ = {isa = PBXFileReference; lastKnownFileType = wrapper.framework; name = MapKit.framework; path = System/Library/Frameworks/MapKit.framework; sourceTree = SDKROOT; };
		042441081A2C0DBB004B0786 /* MasterViewController.h */ = {isa = PBXFileReference; fileEncoding = 4; lastKnownFileType = sourcecode.c.h; path = MasterViewController.h; sourceTree = "<group>"; };
		042441091A2C0DBB004B0786 /* MasterViewController.m */ = {isa = PBXFileReference; fileEncoding = 4; lastKnownFileType = sourcecode.c.objc; path = MasterViewController.m; sourceTree = "<group>"; };
		0424410A1A2C0DBB004B0786 /* MasterViewController.xib */ = {isa = PBXFileReference; fileEncoding = 4; lastKnownFileType = file.xib; path = MasterViewController.xib; sourceTree = "<group>"; };
		0424410D1A2C0E00004B0786 /* LoginViewController.h */ = {isa = PBXFileReference; fileEncoding = 4; lastKnownFileType = sourcecode.c.h; path = LoginViewController.h; sourceTree = "<group>"; };
		0424410E1A2C0E00004B0786 /* LoginViewController.m */ = {isa = PBXFileReference; fileEncoding = 4; lastKnownFileType = sourcecode.c.objc; path = LoginViewController.m; sourceTree = "<group>"; };
		0424410F1A2C0E00004B0786 /* LoginViewController.xib */ = {isa = PBXFileReference; fileEncoding = 4; lastKnownFileType = file.xib; path = LoginViewController.xib; sourceTree = "<group>"; };
		044927531A6F1CD90051C3AA /* GeoChatAPIManager.h */ = {isa = PBXFileReference; fileEncoding = 4; lastKnownFileType = sourcecode.c.h; path = GeoChatAPIManager.h; sourceTree = "<group>"; };
		044927541A6F1CD90051C3AA /* GeoChatAPIManager.m */ = {isa = PBXFileReference; fileEncoding = 4; lastKnownFileType = sourcecode.c.objc; path = GeoChatAPIManager.m; sourceTree = "<group>"; };
		044A7FC81A359A2100EADA8A /* ChangeNicknameViewController.h */ = {isa = PBXFileReference; fileEncoding = 4; lastKnownFileType = sourcecode.c.h; path = ChangeNicknameViewController.h; sourceTree = "<group>"; };
		044A7FC91A359A2100EADA8A /* ChangeNicknameViewController.m */ = {isa = PBXFileReference; fileEncoding = 4; lastKnownFileType = sourcecode.c.objc; path = ChangeNicknameViewController.m; sourceTree = "<group>"; };
		046605AA1A7753A400A1D298 /* GeoChatAppIcon@2x.png */ = {isa = PBXFileReference; lastKnownFileType = image.png; path = "GeoChatAppIcon@2x.png"; sourceTree = "<group>"; };
		046605AB1A7753A400A1D298 /* GeoChatAppIcon@3x.png */ = {isa = PBXFileReference; lastKnownFileType = image.png; path = "GeoChatAppIcon@3x.png"; sourceTree = "<group>"; };
		046605AE1A77633300A1D298 /* menu-icon.png */ = {isa = PBXFileReference; lastKnownFileType = image.png; path = "menu-icon.png"; sourceTree = "<group>"; };
		046605AF1A77633300A1D298 /* menu-icon@2x.png */ = {isa = PBXFileReference; lastKnownFileType = image.png; path = "menu-icon@2x.png"; sourceTree = "<group>"; };
		046605B01A77633300A1D298 /* menu-icon@3x.png */ = {isa = PBXFileReference; lastKnownFileType = image.png; path = "menu-icon@3x.png"; sourceTree = "<group>"; };
		046605B41A77649E00A1D298 /* map-icon.png */ = {isa = PBXFileReference; lastKnownFileType = image.png; path = "map-icon.png"; sourceTree = "<group>"; };
		046605B51A77649E00A1D298 /* map-icon@2x.png */ = {isa = PBXFileReference; lastKnownFileType = image.png; path = "map-icon@2x.png"; sourceTree = "<group>"; };
		046605B61A77649E00A1D298 /* map-icon@3x.png */ = {isa = PBXFileReference; lastKnownFileType = image.png; path = "map-icon@3x.png"; sourceTree = "<group>"; };
		048074BA1A351983006DAD33 /* Security.framework */ = {isa = PBXFileReference; lastKnownFileType = wrapper.framework; name = Security.framework; path = System/Library/Frameworks/Security.framework; sourceTree = SDKROOT; };
		048074FB1A353DC1006DAD33 /* UserViewController.h */ = {isa = PBXFileReference; fileEncoding = 4; lastKnownFileType = sourcecode.c.h; path = UserViewController.h; sourceTree = "<group>"; };
		048074FC1A353DC1006DAD33 /* UserViewController.m */ = {isa = PBXFileReference; fileEncoding = 4; lastKnownFileType = sourcecode.c.objc; path = UserViewController.m; sourceTree = "<group>"; };
		048CF73C1A2D60AB004E20BE /* AddRoomViewController.h */ = {isa = PBXFileReference; fileEncoding = 4; lastKnownFileType = sourcecode.c.h; path = AddRoomViewController.h; sourceTree = "<group>"; };
		048CF73D1A2D60AB004E20BE /* AddRoomViewController.m */ = {isa = PBXFileReference; fileEncoding = 4; lastKnownFileType = sourcecode.c.objc; path = AddRoomViewController.m; sourceTree = "<group>"; };
		048CF73E1A2D60AB004E20BE /* AddRoomViewController.xib */ = {isa = PBXFileReference; fileEncoding = 4; lastKnownFileType = file.xib; path = AddRoomViewController.xib; sourceTree = "<group>"; };
		048CF7481A2D9565004E20BE /* GeoChatUser.h */ = {isa = PBXFileReference; fileEncoding = 4; lastKnownFileType = sourcecode.c.h; path = GeoChatUser.h; sourceTree = "<group>"; };
		048CF7491A2D9565004E20BE /* GeoChatUser.m */ = {isa = PBXFileReference; fileEncoding = 4; lastKnownFileType = sourcecode.c.objc; path = GeoChatUser.m; sourceTree = "<group>"; };
		049B87721A7A113A00B05EC7 /* RoomMapAnnotation.h */ = {isa = PBXFileReference; fileEncoding = 4; lastKnownFileType = sourcecode.c.h; path = RoomMapAnnotation.h; sourceTree = "<group>"; };
		049B87731A7A113A00B05EC7 /* RoomMapAnnotation.m */ = {isa = PBXFileReference; fileEncoding = 4; lastKnownFileType = sourcecode.c.objc; path = RoomMapAnnotation.m; sourceTree = "<group>"; };
		049B87751A7A115F00B05EC7 /* RoomMapViewController.h */ = {isa = PBXFileReference; fileEncoding = 4; lastKnownFileType = sourcecode.c.h; path = RoomMapViewController.h; sourceTree = "<group>"; };
		049B87761A7A115F00B05EC7 /* RoomMapViewController.m */ = {isa = PBXFileReference; fileEncoding = 4; lastKnownFileType = sourcecode.c.objc; path = RoomMapViewController.m; sourceTree = "<group>"; };
		04F4A1521A5A268C0001CAA3 /* GeoChatAPNSs.mobileprovision */ = {isa = PBXFileReference; lastKnownFileType = file; path = GeoChatAPNSs.mobileprovision; sourceTree = "<group>"; };
		37B346F6D6D9DC5838E55144 /* Pods-MessageViewControllerDemo.release.xcconfig */ = {isa = PBXFileReference; includeInIndex = 1; lastKnownFileType = text.xcconfig; name = "Pods-MessageViewControllerDemo.release.xcconfig"; path = "Pods/Target Support Files/Pods-MessageViewControllerDemo/Pods-MessageViewControllerDemo.release.xcconfig"; sourceTree = "<group>"; };
		965108481A3945DA00AACBFE /* FacebookSDK.framework */ = {isa = PBXFileReference; lastKnownFileType = wrapper.framework; name = FacebookSDK.framework; path = ../../Documents/FacebookSDK/FacebookSDK.framework; sourceTree = "<group>"; };
		968310B01A4B6BEF006C5428 /* actions-ellipse@2x.png */ = {isa = PBXFileReference; lastKnownFileType = image.png; path = "actions-ellipse@2x.png"; sourceTree = "<group>"; };
		968310B11A4B6BEF006C5428 /* actions-ellipse@3x.png */ = {isa = PBXFileReference; lastKnownFileType = image.png; path = "actions-ellipse@3x.png"; sourceTree = "<group>"; };
		968310B21A4B6BEF006C5428 /* actions-ellipse.png */ = {isa = PBXFileReference; lastKnownFileType = image.png; path = "actions-ellipse.png"; sourceTree = "<group>"; };
		96AD7C101A4F75460019AF96 /* UserListViewController.h */ = {isa = PBXFileReference; fileEncoding = 4; lastKnownFileType = sourcecode.c.h; path = UserListViewController.h; sourceTree = "<group>"; };
		96AD7C111A4F75460019AF96 /* UserListViewController.m */ = {isa = PBXFileReference; fileEncoding = 4; lastKnownFileType = sourcecode.c.objc; path = UserListViewController.m; sourceTree = "<group>"; };
		96AD7C121A4F75460019AF96 /* UserListViewController.xib */ = {isa = PBXFileReference; fileEncoding = 4; lastKnownFileType = file.xib; path = UserListViewController.xib; sourceTree = "<group>"; };
		96F597F61A4FC74B00414D05 /* RoomMapViewController.xib */ = {isa = PBXFileReference; fileEncoding = 4; lastKnownFileType = file.xib; path = RoomMapViewController.xib; sourceTree = "<group>"; };
		96F597FB1A4FC9BB00414D05 /* System-settings-icon.png */ = {isa = PBXFileReference; lastKnownFileType = image.png; path = "System-settings-icon.png"; sourceTree = "<group>"; };
		96F597FC1A4FC9BB00414D05 /* System-settings-icon@2x.png */ = {isa = PBXFileReference; lastKnownFileType = image.png; path = "System-settings-icon@2x.png"; sourceTree = "<group>"; };
		96F597FD1A4FC9BB00414D05 /* System-settings-icon@3x.png */ = {isa = PBXFileReference; lastKnownFileType = image.png; path = "System-settings-icon@3x.png"; sourceTree = "<group>"; };
		E1608F6913E34230E3B0B89D /* libPods-MessageViewControllerDemo.a */ = {isa = PBXFileReference; explicitFileType = archive.ar; includeInIndex = 0; path = "libPods-MessageViewControllerDemo.a"; sourceTree = BUILT_PRODUCTS_DIR; };
/* End PBXFileReference section */

/* Begin PBXFrameworksBuildPhase section */
		042440D61A2BE089004B0786 /* Frameworks */ = {
			isa = PBXFrameworksBuildPhase;
			buildActionMask = 2147483647;
			files = (
				965108491A3945DA00AACBFE /* FacebookSDK.framework in Frameworks */,
				048074BB1A351983006DAD33 /* Security.framework in Frameworks */,
				0421F2BE1A3052DD00FCAB04 /* AudioToolbox.framework in Frameworks */,
				042441051A2BE777004B0786 /* MapKit.framework in Frameworks */,
				381F53ADBFB305A8851901A3 /* libPods-MessageViewControllerDemo.a in Frameworks */,
			);
			runOnlyForDeploymentPostprocessing = 0;
		};
		042440EF1A2BE089004B0786 /* Frameworks */ = {
			isa = PBXFrameworksBuildPhase;
			buildActionMask = 2147483647;
			files = (
			);
			runOnlyForDeploymentPostprocessing = 0;
		};
/* End PBXFrameworksBuildPhase section */

/* Begin PBXGroup section */
		0421F2C41A30531000FCAB04 /* Frameworks */ = {
			isa = PBXGroup;
			children = (
				965108481A3945DA00AACBFE /* FacebookSDK.framework */,
				048074BA1A351983006DAD33 /* Security.framework */,
				0421F2BD1A3052DD00FCAB04 /* AudioToolbox.framework */,
				042441041A2BE777004B0786 /* MapKit.framework */,
			);
			name = Frameworks;
			path = ..;
			sourceTree = "<group>";
		};
		042440D01A2BE089004B0786 = {
			isa = PBXGroup;
			children = (
				04F4A1521A5A268C0001CAA3 /* GeoChatAPNSs.mobileprovision */,
				042440DB1A2BE089004B0786 /* MessageViewControllerDemo */,
				042440F51A2BE089004B0786 /* MessageViewControllerDemoTests */,
				042440DA1A2BE089004B0786 /* Products */,
				B1F1F0DB40FD2F0D6E20A325 /* Pods */,
				48BD3C10028BAC8C9D0FCEA5 /* Frameworks */,
			);
			sourceTree = "<group>";
		};
		042440DA1A2BE089004B0786 /* Products */ = {
			isa = PBXGroup;
			children = (
				042440D91A2BE089004B0786 /* MessageViewControllerDemo.app */,
				042440F21A2BE089004B0786 /* MessageViewControllerDemoTests.xctest */,
			);
			name = Products;
			sourceTree = "<group>";
		};
		042440DB1A2BE089004B0786 /* MessageViewControllerDemo */ = {
			isa = PBXGroup;
			children = (
				04DBE9731A70781400B4392B /* Icons */,
				048CF74C1A2D958E004E20BE /* GeoChatManager */,
				042440E01A2BE089004B0786 /* AppDelegate.h */,
				042440E11A2BE089004B0786 /* AppDelegate.m */,
				0424410D1A2C0E00004B0786 /* LoginViewController.h */,
				0424410E1A2C0E00004B0786 /* LoginViewController.m */,
				0424410F1A2C0E00004B0786 /* LoginViewController.xib */,
				042441081A2C0DBB004B0786 /* MasterViewController.h */,
				042441091A2C0DBB004B0786 /* MasterViewController.m */,
				0424410A1A2C0DBB004B0786 /* MasterViewController.xib */,
				048CF73C1A2D60AB004E20BE /* AddRoomViewController.h */,
				048CF73D1A2D60AB004E20BE /* AddRoomViewController.m */,
				048CF73E1A2D60AB004E20BE /* AddRoomViewController.xib */,
				044A7FC81A359A2100EADA8A /* ChangeNicknameViewController.h */,
				044A7FC91A359A2100EADA8A /* ChangeNicknameViewController.m */,
				0421F2C51A30544500FCAB04 /* MessagesViewController.h */,
				0421F2C61A30544500FCAB04 /* MessagesViewController.m */,
				0421F2CD1A314D4300FCAB04 /* ProfileViewController.h */,
				0421F2CE1A314D4300FCAB04 /* ProfileViewController.m */,
				049B87751A7A115F00B05EC7 /* RoomMapViewController.h */,
				049B87761A7A115F00B05EC7 /* RoomMapViewController.m */,
				96F597F61A4FC74B00414D05 /* RoomMapViewController.xib */,
				049B87721A7A113A00B05EC7 /* RoomMapAnnotation.h */,
				049B87731A7A113A00B05EC7 /* RoomMapAnnotation.m */,
				96AD7C101A4F75460019AF96 /* UserListViewController.h */,
				96AD7C111A4F75460019AF96 /* UserListViewController.m */,
				96AD7C121A4F75460019AF96 /* UserListViewController.xib */,
				048074FB1A353DC1006DAD33 /* UserViewController.h */,
				048074FC1A353DC1006DAD33 /* UserViewController.m */,
				042440EB1A2BE089004B0786 /* LaunchScreen.xib */,
				042440DC1A2BE089004B0786 /* Supporting Files */,
				042440E91A2BE089004B0786 /* Images.xcassets */,
				0421F2C41A30531000FCAB04 /* Frameworks */,
			);
			path = MessageViewControllerDemo;
			sourceTree = "<group>";
		};
		042440DC1A2BE089004B0786 /* Supporting Files */ = {
			isa = PBXGroup;
			children = (
				042440DD1A2BE089004B0786 /* Info.plist */,
				042440DE1A2BE089004B0786 /* main.m */,
			);
			name = "Supporting Files";
			sourceTree = "<group>";
		};
		042440F51A2BE089004B0786 /* MessageViewControllerDemoTests */ = {
			isa = PBXGroup;
			children = (
				042440F81A2BE089004B0786 /* MessageViewControllerDemoTests.m */,
				042440F61A2BE089004B0786 /* Supporting Files */,
			);
			path = MessageViewControllerDemoTests;
			sourceTree = "<group>";
		};
		042440F61A2BE089004B0786 /* Supporting Files */ = {
			isa = PBXGroup;
			children = (
				042440F71A2BE089004B0786 /* Info.plist */,
			);
			name = "Supporting Files";
			sourceTree = "<group>";
		};
		048CF74C1A2D958E004E20BE /* GeoChatManager */ = {
			isa = PBXGroup;
			children = (
				044927531A6F1CD90051C3AA /* GeoChatAPIManager.h */,
				044927541A6F1CD90051C3AA /* GeoChatAPIManager.m */,
				048CF7481A2D9565004E20BE /* GeoChatUser.h */,
				048CF7491A2D9565004E20BE /* GeoChatUser.m */,
			);
			name = GeoChatManager;
			sourceTree = "<group>";
		};
		04DBE9731A70781400B4392B /* Icons */ = {
			isa = PBXGroup;
			children = (
				046605B41A77649E00A1D298 /* map-icon.png */,
				046605B51A77649E00A1D298 /* map-icon@2x.png */,
				046605B61A77649E00A1D298 /* map-icon@3x.png */,
				046605AA1A7753A400A1D298 /* GeoChatAppIcon@2x.png */,
				046605AB1A7753A400A1D298 /* GeoChatAppIcon@3x.png */,
				046605AE1A77633300A1D298 /* menu-icon.png */,
				046605AF1A77633300A1D298 /* menu-icon@2x.png */,
				046605B01A77633300A1D298 /* menu-icon@3x.png */,
				968310B21A4B6BEF006C5428 /* actions-ellipse.png */,
				968310B01A4B6BEF006C5428 /* actions-ellipse@2x.png */,
				968310B11A4B6BEF006C5428 /* actions-ellipse@3x.png */,
				96F597FB1A4FC9BB00414D05 /* System-settings-icon.png */,
				96F597FC1A4FC9BB00414D05 /* System-settings-icon@2x.png */,
				96F597FD1A4FC9BB00414D05 /* System-settings-icon@3x.png */,
			);
			name = Icons;
			path = ..;
			sourceTree = "<group>";
		};
		48BD3C10028BAC8C9D0FCEA5 /* Frameworks */ = {
			isa = PBXGroup;
			children = (
				E1608F6913E34230E3B0B89D /* libPods-MessageViewControllerDemo.a */,
			);
			name = Frameworks;
			sourceTree = "<group>";
		};
		B1F1F0DB40FD2F0D6E20A325 /* Pods */ = {
			isa = PBXGroup;
			children = (
				02C60ECD176F458E1036F28F /* Pods-MessageViewControllerDemo.debug.xcconfig */,
				37B346F6D6D9DC5838E55144 /* Pods-MessageViewControllerDemo.release.xcconfig */,
			);
			name = Pods;
			sourceTree = "<group>";
		};
/* End PBXGroup section */

/* Begin PBXNativeTarget section */
		042440D81A2BE089004B0786 /* MessageViewControllerDemo */ = {
			isa = PBXNativeTarget;
			buildConfigurationList = 042440FC1A2BE089004B0786 /* Build configuration list for PBXNativeTarget "MessageViewControllerDemo" */;
			buildPhases = (
				BF0BDC619AB0C711CCEE31E1 /* Check Pods Manifest.lock */,
				042440D51A2BE089004B0786 /* Sources */,
				042440D61A2BE089004B0786 /* Frameworks */,
				042440D71A2BE089004B0786 /* Resources */,
				15EF62A2BAE2F54D73961049 /* Copy Pods Resources */,
			);
			buildRules = (
			);
			dependencies = (
			);
			name = MessageViewControllerDemo;
			productName = MessageViewControllerDemo;
			productReference = 042440D91A2BE089004B0786 /* MessageViewControllerDemo.app */;
			productType = "com.apple.product-type.application";
		};
		042440F11A2BE089004B0786 /* MessageViewControllerDemoTests */ = {
			isa = PBXNativeTarget;
			buildConfigurationList = 042440FF1A2BE089004B0786 /* Build configuration list for PBXNativeTarget "MessageViewControllerDemoTests" */;
			buildPhases = (
				042440EE1A2BE089004B0786 /* Sources */,
				042440EF1A2BE089004B0786 /* Frameworks */,
				042440F01A2BE089004B0786 /* Resources */,
			);
			buildRules = (
			);
			dependencies = (
				042440F41A2BE089004B0786 /* PBXTargetDependency */,
			);
			name = MessageViewControllerDemoTests;
			productName = MessageViewControllerDemoTests;
			productReference = 042440F21A2BE089004B0786 /* MessageViewControllerDemoTests.xctest */;
			productType = "com.apple.product-type.bundle.unit-test";
		};
/* End PBXNativeTarget section */

/* Begin PBXProject section */
		042440D11A2BE089004B0786 /* Project object */ = {
			isa = PBXProject;
			attributes = {
				LastUpgradeCheck = 0610;
				ORGANIZATIONNAME = "Art Sevilla";
				TargetAttributes = {
					042440D81A2BE089004B0786 = {
						CreatedOnToolsVersion = 6.1;
						DevelopmentTeam = 3K93EXS2KS;
					};
					042440F11A2BE089004B0786 = {
						CreatedOnToolsVersion = 6.1;
						TestTargetID = 042440D81A2BE089004B0786;
					};
				};
			};
			buildConfigurationList = 042440D41A2BE089004B0786 /* Build configuration list for PBXProject "MessageViewControllerDemo" */;
			compatibilityVersion = "Xcode 3.2";
			developmentRegion = English;
			hasScannedForEncodings = 0;
			knownRegions = (
				en,
				Base,
				de,
				es,
				fr,
				he,
				it,
				nl,
				pl,
				pt,
				ro,
				ru,
				tr,
				"zh-Hans",
				"zh-Hant",
			);
			mainGroup = 042440D01A2BE089004B0786;
			productRefGroup = 042440DA1A2BE089004B0786 /* Products */;
			projectDirPath = "";
			projectRoot = "";
			targets = (
				042440D81A2BE089004B0786 /* MessageViewControllerDemo */,
				042440F11A2BE089004B0786 /* MessageViewControllerDemoTests */,
			);
		};
/* End PBXProject section */

/* Begin PBXResourcesBuildPhase section */
		042440D71A2BE089004B0786 /* Resources */ = {
			isa = PBXResourcesBuildPhase;
			buildActionMask = 2147483647;
			files = (
				96F597FF1A4FC9BB00414D05 /* System-settings-icon@2x.png in Resources */,
				046605AC1A7753A400A1D298 /* GeoChatAppIcon@2x.png in Resources */,
				046605B21A77633300A1D298 /* menu-icon@2x.png in Resources */,
				046605B91A77649E00A1D298 /* map-icon@3x.png in Resources */,
				048CF7401A2D60AB004E20BE /* AddRoomViewController.xib in Resources */,
				042441111A2C0E00004B0786 /* LoginViewController.xib in Resources */,
				042440ED1A2BE089004B0786 /* LaunchScreen.xib in Resources */,
				042440EA1A2BE089004B0786 /* Images.xcassets in Resources */,
				96AD7C141A4F75460019AF96 /* UserListViewController.xib in Resources */,
				046605AD1A7753A400A1D298 /* GeoChatAppIcon@3x.png in Resources */,
				96F597F81A4FC74B00414D05 /* RoomMapViewController.xib in Resources */,
				046605B71A77649E00A1D298 /* map-icon.png in Resources */,
				0424410C1A2C0DBB004B0786 /* MasterViewController.xib in Resources */,
				968310B41A4B6BEF006C5428 /* actions-ellipse@3x.png in Resources */,
				96F597FE1A4FC9BB00414D05 /* System-settings-icon.png in Resources */,
				968310B51A4B6BEF006C5428 /* actions-ellipse.png in Resources */,
				968310B31A4B6BEF006C5428 /* actions-ellipse@2x.png in Resources */,
				96F598001A4FC9BB00414D05 /* System-settings-icon@3x.png in Resources */,
				046605B11A77633300A1D298 /* menu-icon.png in Resources */,
				046605B31A77633300A1D298 /* menu-icon@3x.png in Resources */,
				046605B81A77649E00A1D298 /* map-icon@2x.png in Resources */,
			);
			runOnlyForDeploymentPostprocessing = 0;
		};
		042440F01A2BE089004B0786 /* Resources */ = {
			isa = PBXResourcesBuildPhase;
			buildActionMask = 2147483647;
			files = (
			);
			runOnlyForDeploymentPostprocessing = 0;
		};
/* End PBXResourcesBuildPhase section */

/* Begin PBXShellScriptBuildPhase section */
		15EF62A2BAE2F54D73961049 /* Copy Pods Resources */ = {
			isa = PBXShellScriptBuildPhase;
			buildActionMask = 2147483647;
			files = (
			);
			inputPaths = (
			);
			name = "Copy Pods Resources";
			outputPaths = (
			);
			runOnlyForDeploymentPostprocessing = 0;
			shellPath = /bin/sh;
			shellScript = "\"${SRCROOT}/Pods/Target Support Files/Pods-MessageViewControllerDemo/Pods-MessageViewControllerDemo-resources.sh\"\n";
			showEnvVarsInLog = 0;
		};
		BF0BDC619AB0C711CCEE31E1 /* Check Pods Manifest.lock */ = {
			isa = PBXShellScriptBuildPhase;
			buildActionMask = 2147483647;
			files = (
			);
			inputPaths = (
			);
			name = "Check Pods Manifest.lock";
			outputPaths = (
			);
			runOnlyForDeploymentPostprocessing = 0;
			shellPath = /bin/sh;
			shellScript = "diff \"${PODS_ROOT}/../Podfile.lock\" \"${PODS_ROOT}/Manifest.lock\" > /dev/null\nif [[ $? != 0 ]] ; then\n    cat << EOM\nerror: The sandbox is not in sync with the Podfile.lock. Run 'pod install' or update your CocoaPods installation.\nEOM\n    exit 1\nfi\n";
			showEnvVarsInLog = 0;
		};
/* End PBXShellScriptBuildPhase section */

/* Begin PBXSourcesBuildPhase section */
		042440D51A2BE089004B0786 /* Sources */ = {
			isa = PBXSourcesBuildPhase;
			buildActionMask = 2147483647;
			files = (
				044927551A6F1CD90051C3AA /* GeoChatAPIManager.m in Sources */,
				048CF73F1A2D60AB004E20BE /* AddRoomViewController.m in Sources */,
				042441101A2C0E00004B0786 /* LoginViewController.m in Sources */,
				0421F2C71A30544500FCAB04 /* MessagesViewController.m in Sources */,
				049B87741A7A113A00B05EC7 /* RoomMapAnnotation.m in Sources */,
				048CF74B1A2D9565004E20BE /* GeoChatUser.m in Sources */,
				042440E21A2BE089004B0786 /* AppDelegate.m in Sources */,
				044A7FCA1A359A2100EADA8A /* ChangeNicknameViewController.m in Sources */,
				0421F2CF1A314D4300FCAB04 /* ProfileViewController.m in Sources */,
				049B87771A7A115F00B05EC7 /* RoomMapViewController.m in Sources */,
				96AD7C131A4F75460019AF96 /* UserListViewController.m in Sources */,
				0424410B1A2C0DBB004B0786 /* MasterViewController.m in Sources */,
				042440DF1A2BE089004B0786 /* main.m in Sources */,
				048074FD1A353DC1006DAD33 /* UserViewController.m in Sources */,
			);
			runOnlyForDeploymentPostprocessing = 0;
		};
		042440EE1A2BE089004B0786 /* Sources */ = {
			isa = PBXSourcesBuildPhase;
			buildActionMask = 2147483647;
			files = (
				042440F91A2BE089004B0786 /* MessageViewControllerDemoTests.m in Sources */,
			);
			runOnlyForDeploymentPostprocessing = 0;
		};
/* End PBXSourcesBuildPhase section */

/* Begin PBXTargetDependency section */
		042440F41A2BE089004B0786 /* PBXTargetDependency */ = {
			isa = PBXTargetDependency;
			target = 042440D81A2BE089004B0786 /* MessageViewControllerDemo */;
			targetProxy = 042440F31A2BE089004B0786 /* PBXContainerItemProxy */;
		};
/* End PBXTargetDependency section */

/* Begin PBXVariantGroup section */
		042440EB1A2BE089004B0786 /* LaunchScreen.xib */ = {
			isa = PBXVariantGroup;
			children = (
				042440EC1A2BE089004B0786 /* Base */,
			);
			name = LaunchScreen.xib;
			sourceTree = "<group>";
		};
/* End PBXVariantGroup section */

/* Begin XCBuildConfiguration section */
		042440FA1A2BE089004B0786 /* Debug */ = {
			isa = XCBuildConfiguration;
			buildSettings = {
				ALWAYS_SEARCH_USER_PATHS = NO;
				CLANG_CXX_LANGUAGE_STANDARD = "gnu++0x";
				CLANG_CXX_LIBRARY = "libc++";
				CLANG_ENABLE_MODULES = YES;
				CLANG_ENABLE_OBJC_ARC = YES;
				CLANG_WARN_BOOL_CONVERSION = YES;
				CLANG_WARN_CONSTANT_CONVERSION = YES;
				CLANG_WARN_DIRECT_OBJC_ISA_USAGE = YES_ERROR;
				CLANG_WARN_EMPTY_BODY = YES;
				CLANG_WARN_ENUM_CONVERSION = YES;
				CLANG_WARN_INT_CONVERSION = YES;
				CLANG_WARN_OBJC_ROOT_CLASS = YES_ERROR;
				CLANG_WARN_UNREACHABLE_CODE = YES;
				CLANG_WARN__DUPLICATE_METHOD_MATCH = YES;
				"CODE_SIGN_IDENTITY[sdk=iphoneos*]" = "iPhone Developer";
				COPY_PHASE_STRIP = NO;
				ENABLE_STRICT_OBJC_MSGSEND = YES;
				GCC_C_LANGUAGE_STANDARD = gnu99;
				GCC_DYNAMIC_NO_PIC = NO;
				GCC_OPTIMIZATION_LEVEL = 0;
				GCC_PREPROCESSOR_DEFINITIONS = (
					"DEBUG=1",
					"$(inherited)",
				);
				GCC_SYMBOLS_PRIVATE_EXTERN = NO;
				GCC_WARN_64_TO_32_BIT_CONVERSION = YES;
				GCC_WARN_ABOUT_RETURN_TYPE = YES_ERROR;
				GCC_WARN_UNDECLARED_SELECTOR = YES;
				GCC_WARN_UNINITIALIZED_AUTOS = YES_AGGRESSIVE;
				GCC_WARN_UNUSED_FUNCTION = YES;
				GCC_WARN_UNUSED_VARIABLE = YES;
				IPHONEOS_DEPLOYMENT_TARGET = 8.1;
				MTL_ENABLE_DEBUG_INFO = YES;
				ONLY_ACTIVE_ARCH = YES;
				SDKROOT = iphoneos;
			};
			name = Debug;
		};
		042440FB1A2BE089004B0786 /* Release */ = {
			isa = XCBuildConfiguration;
			buildSettings = {
				ALWAYS_SEARCH_USER_PATHS = NO;
				CLANG_CXX_LANGUAGE_STANDARD = "gnu++0x";
				CLANG_CXX_LIBRARY = "libc++";
				CLANG_ENABLE_MODULES = YES;
				CLANG_ENABLE_OBJC_ARC = YES;
				CLANG_WARN_BOOL_CONVERSION = YES;
				CLANG_WARN_CONSTANT_CONVERSION = YES;
				CLANG_WARN_DIRECT_OBJC_ISA_USAGE = YES_ERROR;
				CLANG_WARN_EMPTY_BODY = YES;
				CLANG_WARN_ENUM_CONVERSION = YES;
				CLANG_WARN_INT_CONVERSION = YES;
				CLANG_WARN_OBJC_ROOT_CLASS = YES_ERROR;
				CLANG_WARN_UNREACHABLE_CODE = YES;
				CLANG_WARN__DUPLICATE_METHOD_MATCH = YES;
				"CODE_SIGN_IDENTITY[sdk=iphoneos*]" = "iPhone Developer";
				COPY_PHASE_STRIP = YES;
				ENABLE_NS_ASSERTIONS = NO;
				ENABLE_STRICT_OBJC_MSGSEND = YES;
				GCC_C_LANGUAGE_STANDARD = gnu99;
				GCC_WARN_64_TO_32_BIT_CONVERSION = YES;
				GCC_WARN_ABOUT_RETURN_TYPE = YES_ERROR;
				GCC_WARN_UNDECLARED_SELECTOR = YES;
				GCC_WARN_UNINITIALIZED_AUTOS = YES_AGGRESSIVE;
				GCC_WARN_UNUSED_FUNCTION = YES;
				GCC_WARN_UNUSED_VARIABLE = YES;
				IPHONEOS_DEPLOYMENT_TARGET = 8.1;
				MTL_ENABLE_DEBUG_INFO = NO;
				SDKROOT = iphoneos;
				VALIDATE_PRODUCT = YES;
			};
			name = Release;
		};
		042440FD1A2BE089004B0786 /* Debug */ = {
			isa = XCBuildConfiguration;
			baseConfigurationReference = 02C60ECD176F458E1036F28F /* Pods-MessageViewControllerDemo.debug.xcconfig */;
			buildSettings = {
				ASSETCATALOG_COMPILER_APPICON_NAME = AppIcon;
				CODE_SIGN_IDENTITY = "iPhone Developer";
				FRAMEWORK_SEARCH_PATHS = (
					"$(inherited)",
					/Users/mac/Documents/FacebookSDK,
					/Users/techfreak23/Documents/FacebookSDK,
				);
				INFOPLIST_FILE = MessageViewControllerDemo/Info.plist;
				LD_RUNPATH_SEARCH_PATHS = "$(inherited) @executable_path/Frameworks";
				PRODUCT_NAME = "$(TARGET_NAME)";
			};
			name = Debug;
		};
		042440FE1A2BE089004B0786 /* Release */ = {
			isa = XCBuildConfiguration;
			baseConfigurationReference = 37B346F6D6D9DC5838E55144 /* Pods-MessageViewControllerDemo.release.xcconfig */;
			buildSettings = {
				ASSETCATALOG_COMPILER_APPICON_NAME = AppIcon;
				CODE_SIGN_IDENTITY = "iPhone Developer";
				FRAMEWORK_SEARCH_PATHS = (
					"$(inherited)",
					/Users/mac/Documents/FacebookSDK,
					/Users/techfreak23/Documents/FacebookSDK,
				);
				INFOPLIST_FILE = MessageViewControllerDemo/Info.plist;
				LD_RUNPATH_SEARCH_PATHS = "$(inherited) @executable_path/Frameworks";
				PRODUCT_NAME = "$(TARGET_NAME)";
			};
			name = Release;
		};
		042441001A2BE089004B0786 /* Debug */ = {
			isa = XCBuildConfiguration;
			buildSettings = {
				BUNDLE_LOADER = "$(TEST_HOST)";
				FRAMEWORK_SEARCH_PATHS = (
					"$(SDKROOT)/Developer/Library/Frameworks",
					"$(inherited)",
				);
				GCC_PREPROCESSOR_DEFINITIONS = (
					"DEBUG=1",
					"$(inherited)",
				);
				INFOPLIST_FILE = MessageViewControllerDemoTests/Info.plist;
				LD_RUNPATH_SEARCH_PATHS = "$(inherited) @executable_path/Frameworks @loader_path/Frameworks";
				PRODUCT_NAME = "$(TARGET_NAME)";
				TEST_HOST = "$(BUILT_PRODUCTS_DIR)/MessageViewControllerDemo.app/MessageViewControllerDemo";
			};
			name = Debug;
		};
		042441011A2BE089004B0786 /* Release */ = {
			isa = XCBuildConfiguration;
			buildSettings = {
				BUNDLE_LOADER = "$(TEST_HOST)";
				FRAMEWORK_SEARCH_PATHS = (
					"$(SDKROOT)/Developer/Library/Frameworks",
					"$(inherited)",
				);
				INFOPLIST_FILE = MessageViewControllerDemoTests/Info.plist;
				LD_RUNPATH_SEARCH_PATHS = "$(inherited) @executable_path/Frameworks @loader_path/Frameworks";
				PRODUCT_NAME = "$(TARGET_NAME)";
				TEST_HOST = "$(BUILT_PRODUCTS_DIR)/MessageViewControllerDemo.app/MessageViewControllerDemo";
			};
			name = Release;
		};
/* End XCBuildConfiguration section */

/* Begin XCConfigurationList section */
		042440D41A2BE089004B0786 /* Build configuration list for PBXProject "MessageViewControllerDemo" */ = {
			isa = XCConfigurationList;
			buildConfigurations = (
				042440FA1A2BE089004B0786 /* Debug */,
				042440FB1A2BE089004B0786 /* Release */,
			);
			defaultConfigurationIsVisible = 0;
			defaultConfigurationName = Release;
		};
		042440FC1A2BE089004B0786 /* Build configuration list for PBXNativeTarget "MessageViewControllerDemo" */ = {
			isa = XCConfigurationList;
			buildConfigurations = (
				042440FD1A2BE089004B0786 /* Debug */,
				042440FE1A2BE089004B0786 /* Release */,
			);
			defaultConfigurationIsVisible = 0;
			defaultConfigurationName = Release;
		};
		042440FF1A2BE089004B0786 /* Build configuration list for PBXNativeTarget "MessageViewControllerDemoTests" */ = {
			isa = XCConfigurationList;
			buildConfigurations = (
				042441001A2BE089004B0786 /* Debug */,
				042441011A2BE089004B0786 /* Release */,
			);
			defaultConfigurationIsVisible = 0;
			defaultConfigurationName = Release;
		};
/* End XCConfigurationList section */
	};
	rootObject = 042440D11A2BE089004B0786 /* Project object */;
}
